// !$*UTF8*$!
{
	archiveVersion = 1;
	classes = {
	};
	objectVersion = 46;
	objects = {

/* Begin PBXBuildFile section */
		5F16FDA216BCBEB1005EE2F5 /* LZPlayView.m in Sources */ = {isa = PBXBuildFile; fileRef = 5F16FDA116BCBEB1005EE2F5 /* LZPlayView.m */; };
		5F16FDA616BCC64E005EE2F5 /* cut_wrong@2x.png in Resources */ = {isa = PBXBuildFile; fileRef = 5F16FDA316BCC64D005EE2F5 /* cut_wrong@2x.png */; };
		5F16FDA716BCC64E005EE2F5 /* ask_friends@2x.png in Resources */ = {isa = PBXBuildFile; fileRef = 5F16FDA416BCC64D005EE2F5 /* ask_friends@2x.png */; };
		5F16FDA816BCC64E005EE2F5 /* win_question@2x.png in Resources */ = {isa = PBXBuildFile; fileRef = 5F16FDA516BCC64E005EE2F5 /* win_question@2x.png */; };
		5F16FDAD16BCCE77005EE2F5 /* icon_1@2x.jpg in Resources */ = {isa = PBXBuildFile; fileRef = 5F16FDA916BCCE77005EE2F5 /* icon_1@2x.jpg */; };
		5F16FDAE16BCCE77005EE2F5 /* icon_3@2x.jpg in Resources */ = {isa = PBXBuildFile; fileRef = 5F16FDAA16BCCE77005EE2F5 /* icon_3@2x.jpg */; };
		5F16FDAF16BCCE77005EE2F5 /* icon_4@2x.jpg in Resources */ = {isa = PBXBuildFile; fileRef = 5F16FDAB16BCCE77005EE2F5 /* icon_4@2x.jpg */; };
		5F16FDB016BCCE77005EE2F5 /* icon_2@2x.jpg in Resources */ = {isa = PBXBuildFile; fileRef = 5F16FDAC16BCCE77005EE2F5 /* icon_2@2x.jpg */; };
		5F16FDB216BCE84A005EE2F5 /* QuartzCore.framework in Frameworks */ = {isa = PBXBuildFile; fileRef = 5F16FDB116BCE84A005EE2F5 /* QuartzCore.framework */; };
		5F91536516BA27180074FFF2 /* PackageCell.m in Sources */ = {isa = PBXBuildFile; fileRef = 5F91536416BA27180074FFF2 /* PackageCell.m */; };
		5F91536E16BA38D50074FFF2 /* LZTopNavView.m in Sources */ = {isa = PBXBuildFile; fileRef = 5F91536D16BA38D50074FFF2 /* LZTopNavView.m */; };
		5F91537116BA44C00074FFF2 /* LZFactoryViewController.m in Sources */ = {isa = PBXBuildFile; fileRef = 5F91537016BA44C00074FFF2 /* LZFactoryViewController.m */; };
		5F91537416BA49BD0074FFF2 /* LZSettingsViewController.m in Sources */ = {isa = PBXBuildFile; fileRef = 5F91537316BA49BD0074FFF2 /* LZSettingsViewController.m */; };
		5F91537616BA4B560074FFF2 /* top_back_button@2x.png in Resources */ = {isa = PBXBuildFile; fileRef = 5F91537516BA4B560074FFF2 /* top_back_button@2x.png */; };
		5F91537816BA4D0F0074FFF2 /* background@2x.png in Resources */ = {isa = PBXBuildFile; fileRef = 5F91537716BA4D0F0074FFF2 /* background@2x.png */; };
		5F91537B16BA50E30074FFF2 /* LZStoreViewController.m in Sources */ = {isa = PBXBuildFile; fileRef = 5F91537A16BA50E30074FFF2 /* LZStoreViewController.m */; };
		5F91538016BA62570074FFF2 /* wrong@2x.png in Resources */ = {isa = PBXBuildFile; fileRef = 5F91537D16BA62570074FFF2 /* wrong@2x.png */; };
		5F91538116BA62570074FFF2 /* correct@2x.png in Resources */ = {isa = PBXBuildFile; fileRef = 5F91537E16BA62570074FFF2 /* correct@2x.png */; };
		5F91538216BA62570074FFF2 /* gold@2x.png in Resources */ = {isa = PBXBuildFile; fileRef = 5F91537F16BA62570074FFF2 /* gold@2x.png */; };
		5F91538416BA6FD00074FFF2 /* top_back_ground@2x.png in Resources */ = {isa = PBXBuildFile; fileRef = 5F91538316BA6FD00074FFF2 /* top_back_ground@2x.png */; };
		5F91538716BAD6410074FFF2 /* LZLevelViewController.m in Sources */ = {isa = PBXBuildFile; fileRef = 5F91538616BAD6410074FFF2 /* LZLevelViewController.m */; };
		5F91538A16BAD8C00074FFF2 /* LevelCell.m in Sources */ = {isa = PBXBuildFile; fileRef = 5F91538916BAD8BF0074FFF2 /* LevelCell.m */; };
		5F91538D16BADF9D0074FFF2 /* SettingCell.m in Sources */ = {isa = PBXBuildFile; fileRef = 5F91538C16BADF9D0074FFF2 /* SettingCell.m */; };
		5F91539016BAE6840074FFF2 /* LZGamingViewController.m in Sources */ = {isa = PBXBuildFile; fileRef = 5F91538F16BAE6840074FFF2 /* LZGamingViewController.m */; };
		5F91539916BBA5080074FFF2 /* LZCell.m in Sources */ = {isa = PBXBuildFile; fileRef = 5F91539816BBA5080074FFF2 /* LZCell.m */; };
		5F91539C16BBA5D70074FFF2 /* StorePurchaseCell.m in Sources */ = {isa = PBXBuildFile; fileRef = 5F91539B16BBA5D70074FFF2 /* StorePurchaseCell.m */; };
		5F91539F16BBADEF0074FFF2 /* LZButton.m in Sources */ = {isa = PBXBuildFile; fileRef = 5F91539E16BBADEF0074FFF2 /* LZButton.m */; };
		5F9153A316BBB0580074FFF2 /* facebook@2x.png in Resources */ = {isa = PBXBuildFile; fileRef = 5F9153A016BBB0580074FFF2 /* facebook@2x.png */; };
		5F9153A416BBB0580074FFF2 /* lzbutton@2x.png in Resources */ = {isa = PBXBuildFile; fileRef = 5F9153A116BBB0580074FFF2 /* lzbutton@2x.png */; };
		5F9153A516BBB0580074FFF2 /* review@2x.png in Resources */ = {isa = PBXBuildFile; fileRef = 5F9153A216BBB0580074FFF2 /* review@2x.png */; };
		5F9153A716BBB06C0074FFF2 /* twitter@2x.png in Resources */ = {isa = PBXBuildFile; fileRef = 5F9153A616BBB06C0074FFF2 /* twitter@2x.png */; };
		5F98A12C16BBB6810084A2F5 /* StoreFreeCell.m in Sources */ = {isa = PBXBuildFile; fileRef = 5F98A12B16BBB6810084A2F5 /* StoreFreeCell.m */; };
		5F98A12F16BBB6C80084A2F5 /* RestorePurchaseCell.m in Sources */ = {isa = PBXBuildFile; fileRef = 5F98A12E16BBB6C80084A2F5 /* RestorePurchaseCell.m */; };
		5FE7372116B8E08400194CF0 /* UIKit.framework in Frameworks */ = {isa = PBXBuildFile; fileRef = 5FE7372016B8E08400194CF0 /* UIKit.framework */; };
		5FE7372316B8E08400194CF0 /* Foundation.framework in Frameworks */ = {isa = PBXBuildFile; fileRef = 5FE7372216B8E08400194CF0 /* Foundation.framework */; };
		5FE7372516B8E08400194CF0 /* CoreGraphics.framework in Frameworks */ = {isa = PBXBuildFile; fileRef = 5FE7372416B8E08400194CF0 /* CoreGraphics.framework */; };
		5FE7372B16B8E08400194CF0 /* InfoPlist.strings in Resources */ = {isa = PBXBuildFile; fileRef = 5FE7372916B8E08400194CF0 /* InfoPlist.strings */; };
		5FE7372D16B8E08400194CF0 /* main.m in Sources */ = {isa = PBXBuildFile; fileRef = 5FE7372C16B8E08400194CF0 /* main.m */; };
		5FE7373116B8E08400194CF0 /* LZAppDelegate.m in Sources */ = {isa = PBXBuildFile; fileRef = 5FE7373016B8E08400194CF0 /* LZAppDelegate.m */; };
		5FE7373316B8E08400194CF0 /* Default.png in Resources */ = {isa = PBXBuildFile; fileRef = 5FE7373216B8E08400194CF0 /* Default.png */; };
		5FE7373516B8E08400194CF0 /* Default@2x.png in Resources */ = {isa = PBXBuildFile; fileRef = 5FE7373416B8E08400194CF0 /* Default@2x.png */; };
		5FE7373716B8E08400194CF0 /* Default-568h@2x.png in Resources */ = {isa = PBXBuildFile; fileRef = 5FE7373616B8E08400194CF0 /* Default-568h@2x.png */; };
		5FE7373A16B8E08400194CF0 /* MainStoryboard.storyboard in Resources */ = {isa = PBXBuildFile; fileRef = 5FE7373816B8E08400194CF0 /* MainStoryboard.storyboard */; };
		5FE7373D16B8E08400194CF0 /* LZViewController.m in Sources */ = {isa = PBXBuildFile; fileRef = 5FE7373C16B8E08400194CF0 /* LZViewController.m */; };
		5FE7375C16B9007200194CF0 /* libGoogleAdMobAds.a in Frameworks */ = {isa = PBXBuildFile; fileRef = 5FE7375A16B9007200194CF0 /* libGoogleAdMobAds.a */; };
		5FE7375D16B9007200194CF0 /* README.txt in Resources */ = {isa = PBXBuildFile; fileRef = 5FE7375B16B9007200194CF0 /* README.txt */; };
		5FE7376016B9012700194CF0 /* GADMasterViewController.m in Sources */ = {isa = PBXBuildFile; fileRef = 5FE7375F16B9012700194CF0 /* GADMasterViewController.m */; };
		5FE7376316B9038B00194CF0 /* AdSupport.framework in Frameworks */ = {isa = PBXBuildFile; fileRef = 5FE7376116B9037800194CF0 /* AdSupport.framework */; };
		5FE7376616B903AE00194CF0 /* StoreKit.framework in Frameworks */ = {isa = PBXBuildFile; fileRef = 5FE7376416B9039B00194CF0 /* StoreKit.framework */; };
		5FE7376816B903C900194CF0 /* SystemConfiguration.framework in Frameworks */ = {isa = PBXBuildFile; fileRef = 5FE7376716B903C900194CF0 /* SystemConfiguration.framework */; };
		5FE7376A16B903DC00194CF0 /* MessageUI.framework in Frameworks */ = {isa = PBXBuildFile; fileRef = 5FE7376916B903DC00194CF0 /* MessageUI.framework */; };
		5FE7376C16B903E800194CF0 /* AudioToolbox.framework in Frameworks */ = {isa = PBXBuildFile; fileRef = 5FE7376B16B903E800194CF0 /* AudioToolbox.framework */; };
		5FE7376F16B9078B00194CF0 /* LZPackageViewController.m in Sources */ = {isa = PBXBuildFile; fileRef = 5FE7376E16B9078B00194CF0 /* LZPackageViewController.m */; };
		5FE7377216B90FB900194CF0 /* SeguePush.m in Sources */ = {isa = PBXBuildFile; fileRef = 5FE7377116B90FB900194CF0 /* SeguePush.m */; };
		5FE7377516B9163200194CF0 /* SeguePop.m in Sources */ = {isa = PBXBuildFile; fileRef = 5FE7377416B9163100194CF0 /* SeguePop.m */; };
/* End PBXBuildFile section */

/* Begin PBXFileReference section */
		5F16FDA016BCBEB1005EE2F5 /* LZPlayView.h */ = {isa = PBXFileReference; fileEncoding = 4; lastKnownFileType = sourcecode.c.h; path = LZPlayView.h; sourceTree = "<group>"; };
		5F16FDA116BCBEB1005EE2F5 /* LZPlayView.m */ = {isa = PBXFileReference; fileEncoding = 4; lastKnownFileType = sourcecode.c.objc; path = LZPlayView.m; sourceTree = "<group>"; };
		5F16FDA316BCC64D005EE2F5 /* cut_wrong@2x.png */ = {isa = PBXFileReference; lastKnownFileType = image.png; path = "cut_wrong@2x.png"; sourceTree = "<group>"; };
		5F16FDA416BCC64D005EE2F5 /* ask_friends@2x.png */ = {isa = PBXFileReference; lastKnownFileType = image.png; path = "ask_friends@2x.png"; sourceTree = "<group>"; };
		5F16FDA516BCC64E005EE2F5 /* win_question@2x.png */ = {isa = PBXFileReference; lastKnownFileType = image.png; path = "win_question@2x.png"; sourceTree = "<group>"; };
		5F16FDA916BCCE77005EE2F5 /* icon_1@2x.jpg */ = {isa = PBXFileReference; lastKnownFileType = image.jpeg; path = "icon_1@2x.jpg"; sourceTree = "<group>"; };
		5F16FDAA16BCCE77005EE2F5 /* icon_3@2x.jpg */ = {isa = PBXFileReference; lastKnownFileType = image.jpeg; path = "icon_3@2x.jpg"; sourceTree = "<group>"; };
		5F16FDAB16BCCE77005EE2F5 /* icon_4@2x.jpg */ = {isa = PBXFileReference; lastKnownFileType = image.jpeg; path = "icon_4@2x.jpg"; sourceTree = "<group>"; };
		5F16FDAC16BCCE77005EE2F5 /* icon_2@2x.jpg */ = {isa = PBXFileReference; lastKnownFileType = image.jpeg; path = "icon_2@2x.jpg"; sourceTree = "<group>"; };
		5F16FDB116BCE84A005EE2F5 /* QuartzCore.framework */ = {isa = PBXFileReference; lastKnownFileType = wrapper.framework; name = QuartzCore.framework; path = System/Library/Frameworks/QuartzCore.framework; sourceTree = SDKROOT; };
		5F91536316BA27180074FFF2 /* PackageCell.h */ = {isa = PBXFileReference; fileEncoding = 4; lastKnownFileType = sourcecode.c.h; path = PackageCell.h; sourceTree = "<group>"; };
		5F91536416BA27180074FFF2 /* PackageCell.m */ = {isa = PBXFileReference; fileEncoding = 4; lastKnownFileType = sourcecode.c.objc; path = PackageCell.m; sourceTree = "<group>"; };
		5F91536C16BA38D50074FFF2 /* LZTopNavView.h */ = {isa = PBXFileReference; fileEncoding = 4; lastKnownFileType = sourcecode.c.h; path = LZTopNavView.h; sourceTree = "<group>"; };
		5F91536D16BA38D50074FFF2 /* LZTopNavView.m */ = {isa = PBXFileReference; fileEncoding = 4; lastKnownFileType = sourcecode.c.objc; path = LZTopNavView.m; sourceTree = "<group>"; };
		5F91536F16BA44C00074FFF2 /* LZFactoryViewController.h */ = {isa = PBXFileReference; fileEncoding = 4; lastKnownFileType = sourcecode.c.h; path = LZFactoryViewController.h; sourceTree = "<group>"; };
		5F91537016BA44C00074FFF2 /* LZFactoryViewController.m */ = {isa = PBXFileReference; fileEncoding = 4; lastKnownFileType = sourcecode.c.objc; path = LZFactoryViewController.m; sourceTree = "<group>"; };
		5F91537216BA49BD0074FFF2 /* LZSettingsViewController.h */ = {isa = PBXFileReference; fileEncoding = 4; lastKnownFileType = sourcecode.c.h; path = LZSettingsViewController.h; sourceTree = "<group>"; };
		5F91537316BA49BD0074FFF2 /* LZSettingsViewController.m */ = {isa = PBXFileReference; fileEncoding = 4; lastKnownFileType = sourcecode.c.objc; path = LZSettingsViewController.m; sourceTree = "<group>"; };
		5F91537516BA4B560074FFF2 /* top_back_button@2x.png */ = {isa = PBXFileReference; lastKnownFileType = image.png; path = "top_back_button@2x.png"; sourceTree = "<group>"; };
		5F91537716BA4D0F0074FFF2 /* background@2x.png */ = {isa = PBXFileReference; lastKnownFileType = image.png; path = "background@2x.png"; sourceTree = "<group>"; };
		5F91537916BA50E30074FFF2 /* LZStoreViewController.h */ = {isa = PBXFileReference; fileEncoding = 4; lastKnownFileType = sourcecode.c.h; path = LZStoreViewController.h; sourceTree = "<group>"; };
		5F91537A16BA50E30074FFF2 /* LZStoreViewController.m */ = {isa = PBXFileReference; fileEncoding = 4; lastKnownFileType = sourcecode.c.objc; path = LZStoreViewController.m; sourceTree = "<group>"; };
		5F91537D16BA62570074FFF2 /* wrong@2x.png */ = {isa = PBXFileReference; lastKnownFileType = image.png; path = "wrong@2x.png"; sourceTree = "<group>"; };
		5F91537E16BA62570074FFF2 /* correct@2x.png */ = {isa = PBXFileReference; lastKnownFileType = image.png; path = "correct@2x.png"; sourceTree = "<group>"; };
		5F91537F16BA62570074FFF2 /* gold@2x.png */ = {isa = PBXFileReference; lastKnownFileType = image.png; path = "gold@2x.png"; sourceTree = "<group>"; };
		5F91538316BA6FD00074FFF2 /* top_back_ground@2x.png */ = {isa = PBXFileReference; lastKnownFileType = image.png; path = "top_back_ground@2x.png"; sourceTree = "<group>"; };
		5F91538516BAD6410074FFF2 /* LZLevelViewController.h */ = {isa = PBXFileReference; fileEncoding = 4; lastKnownFileType = sourcecode.c.h; path = LZLevelViewController.h; sourceTree = "<group>"; };
		5F91538616BAD6410074FFF2 /* LZLevelViewController.m */ = {isa = PBXFileReference; fileEncoding = 4; lastKnownFileType = sourcecode.c.objc; path = LZLevelViewController.m; sourceTree = "<group>"; };
		5F91538816BAD8BF0074FFF2 /* LevelCell.h */ = {isa = PBXFileReference; fileEncoding = 4; lastKnownFileType = sourcecode.c.h; path = LevelCell.h; sourceTree = "<group>"; };
		5F91538916BAD8BF0074FFF2 /* LevelCell.m */ = {isa = PBXFileReference; fileEncoding = 4; lastKnownFileType = sourcecode.c.objc; path = LevelCell.m; sourceTree = "<group>"; };
		5F91538B16BADF9C0074FFF2 /* SettingCell.h */ = {isa = PBXFileReference; fileEncoding = 4; lastKnownFileType = sourcecode.c.h; path = SettingCell.h; sourceTree = "<group>"; };
		5F91538C16BADF9D0074FFF2 /* SettingCell.m */ = {isa = PBXFileReference; fileEncoding = 4; lastKnownFileType = sourcecode.c.objc; path = SettingCell.m; sourceTree = "<group>"; };
		5F91538E16BAE6830074FFF2 /* LZGamingViewController.h */ = {isa = PBXFileReference; fileEncoding = 4; lastKnownFileType = sourcecode.c.h; path = LZGamingViewController.h; sourceTree = "<group>"; };
		5F91538F16BAE6840074FFF2 /* LZGamingViewController.m */ = {isa = PBXFileReference; fileEncoding = 4; lastKnownFileType = sourcecode.c.objc; path = LZGamingViewController.m; sourceTree = "<group>"; };
		5F91539716BBA5080074FFF2 /* LZCell.h */ = {isa = PBXFileReference; fileEncoding = 4; lastKnownFileType = sourcecode.c.h; path = LZCell.h; sourceTree = "<group>"; };
		5F91539816BBA5080074FFF2 /* LZCell.m */ = {isa = PBXFileReference; fileEncoding = 4; lastKnownFileType = sourcecode.c.objc; path = LZCell.m; sourceTree = "<group>"; };
		5F91539A16BBA5D60074FFF2 /* StorePurchaseCell.h */ = {isa = PBXFileReference; fileEncoding = 4; lastKnownFileType = sourcecode.c.h; path = StorePurchaseCell.h; sourceTree = "<group>"; };
		5F91539B16BBA5D70074FFF2 /* StorePurchaseCell.m */ = {isa = PBXFileReference; fileEncoding = 4; lastKnownFileType = sourcecode.c.objc; path = StorePurchaseCell.m; sourceTree = "<group>"; };
		5F91539D16BBADEF0074FFF2 /* LZButton.h */ = {isa = PBXFileReference; fileEncoding = 4; lastKnownFileType = sourcecode.c.h; path = LZButton.h; sourceTree = "<group>"; };
		5F91539E16BBADEF0074FFF2 /* LZButton.m */ = {isa = PBXFileReference; fileEncoding = 4; lastKnownFileType = sourcecode.c.objc; path = LZButton.m; sourceTree = "<group>"; };
		5F9153A016BBB0580074FFF2 /* facebook@2x.png */ = {isa = PBXFileReference; lastKnownFileType = image.png; path = "facebook@2x.png"; sourceTree = "<group>"; };
		5F9153A116BBB0580074FFF2 /* lzbutton@2x.png */ = {isa = PBXFileReference; lastKnownFileType = image.png; path = "lzbutton@2x.png"; sourceTree = "<group>"; };
		5F9153A216BBB0580074FFF2 /* review@2x.png */ = {isa = PBXFileReference; lastKnownFileType = image.png; path = "review@2x.png"; sourceTree = "<group>"; };
		5F9153A616BBB06C0074FFF2 /* twitter@2x.png */ = {isa = PBXFileReference; lastKnownFileType = image.png; path = "twitter@2x.png"; sourceTree = "<group>"; };
		5F98A12A16BBB6810084A2F5 /* StoreFreeCell.h */ = {isa = PBXFileReference; fileEncoding = 4; lastKnownFileType = sourcecode.c.h; path = StoreFreeCell.h; sourceTree = "<group>"; };
		5F98A12B16BBB6810084A2F5 /* StoreFreeCell.m */ = {isa = PBXFileReference; fileEncoding = 4; lastKnownFileType = sourcecode.c.objc; path = StoreFreeCell.m; sourceTree = "<group>"; };
		5F98A12D16BBB6C80084A2F5 /* RestorePurchaseCell.h */ = {isa = PBXFileReference; fileEncoding = 4; lastKnownFileType = sourcecode.c.h; path = RestorePurchaseCell.h; sourceTree = "<group>"; };
		5F98A12E16BBB6C80084A2F5 /* RestorePurchaseCell.m */ = {isa = PBXFileReference; fileEncoding = 4; lastKnownFileType = sourcecode.c.objc; path = RestorePurchaseCell.m; sourceTree = "<group>"; };
		5FE7371C16B8E08400194CF0 /* QuizGame.app */ = {isa = PBXFileReference; explicitFileType = wrapper.application; includeInIndex = 0; path = QuizGame.app; sourceTree = BUILT_PRODUCTS_DIR; };
		5FE7372016B8E08400194CF0 /* UIKit.framework */ = {isa = PBXFileReference; lastKnownFileType = wrapper.framework; name = UIKit.framework; path = System/Library/Frameworks/UIKit.framework; sourceTree = SDKROOT; };
		5FE7372216B8E08400194CF0 /* Foundation.framework */ = {isa = PBXFileReference; lastKnownFileType = wrapper.framework; name = Foundation.framework; path = System/Library/Frameworks/Foundation.framework; sourceTree = SDKROOT; };
		5FE7372416B8E08400194CF0 /* CoreGraphics.framework */ = {isa = PBXFileReference; lastKnownFileType = wrapper.framework; name = CoreGraphics.framework; path = System/Library/Frameworks/CoreGraphics.framework; sourceTree = SDKROOT; };
		5FE7372816B8E08400194CF0 /* QuizGame-Info.plist */ = {isa = PBXFileReference; lastKnownFileType = text.plist.xml; path = "QuizGame-Info.plist"; sourceTree = "<group>"; };
		5FE7372A16B8E08400194CF0 /* en */ = {isa = PBXFileReference; lastKnownFileType = text.plist.strings; name = en; path = en.lproj/InfoPlist.strings; sourceTree = "<group>"; };
		5FE7372C16B8E08400194CF0 /* main.m */ = {isa = PBXFileReference; lastKnownFileType = sourcecode.c.objc; path = main.m; sourceTree = "<group>"; };
		5FE7372E16B8E08400194CF0 /* QuizGame-Prefix.pch */ = {isa = PBXFileReference; lastKnownFileType = sourcecode.c.h; path = "QuizGame-Prefix.pch"; sourceTree = "<group>"; };
		5FE7372F16B8E08400194CF0 /* LZAppDelegate.h */ = {isa = PBXFileReference; lastKnownFileType = sourcecode.c.h; path = LZAppDelegate.h; sourceTree = "<group>"; };
		5FE7373016B8E08400194CF0 /* LZAppDelegate.m */ = {isa = PBXFileReference; lastKnownFileType = sourcecode.c.objc; path = LZAppDelegate.m; sourceTree = "<group>"; };
		5FE7373216B8E08400194CF0 /* Default.png */ = {isa = PBXFileReference; lastKnownFileType = image.png; path = Default.png; sourceTree = "<group>"; };
		5FE7373416B8E08400194CF0 /* Default@2x.png */ = {isa = PBXFileReference; lastKnownFileType = image.png; path = "Default@2x.png"; sourceTree = "<group>"; };
		5FE7373616B8E08400194CF0 /* Default-568h@2x.png */ = {isa = PBXFileReference; lastKnownFileType = image.png; path = "Default-568h@2x.png"; sourceTree = "<group>"; };
		5FE7373916B8E08400194CF0 /* en */ = {isa = PBXFileReference; lastKnownFileType = file.storyboard; name = en; path = en.lproj/MainStoryboard.storyboard; sourceTree = "<group>"; };
		5FE7373B16B8E08400194CF0 /* LZViewController.h */ = {isa = PBXFileReference; lastKnownFileType = sourcecode.c.h; path = LZViewController.h; sourceTree = "<group>"; };
		5FE7373C16B8E08400194CF0 /* LZViewController.m */ = {isa = PBXFileReference; lastKnownFileType = sourcecode.c.objc; path = LZViewController.m; sourceTree = "<group>"; };
		5FE7375116B9007200194CF0 /* GADAdMobExtras.h */ = {isa = PBXFileReference; fileEncoding = 4; lastKnownFileType = sourcecode.c.h; path = GADAdMobExtras.h; sourceTree = "<group>"; };
		5FE7375216B9007200194CF0 /* GADAdNetworkExtras.h */ = {isa = PBXFileReference; fileEncoding = 4; lastKnownFileType = sourcecode.c.h; path = GADAdNetworkExtras.h; sourceTree = "<group>"; };
		5FE7375316B9007200194CF0 /* GADAdSize.h */ = {isa = PBXFileReference; fileEncoding = 4; lastKnownFileType = sourcecode.c.h; path = GADAdSize.h; sourceTree = "<group>"; };
		5FE7375416B9007200194CF0 /* GADBannerView.h */ = {isa = PBXFileReference; fileEncoding = 4; lastKnownFileType = sourcecode.c.h; path = GADBannerView.h; sourceTree = "<group>"; };
		5FE7375516B9007200194CF0 /* GADBannerViewDelegate.h */ = {isa = PBXFileReference; fileEncoding = 4; lastKnownFileType = sourcecode.c.h; path = GADBannerViewDelegate.h; sourceTree = "<group>"; };
		5FE7375616B9007200194CF0 /* GADInterstitial.h */ = {isa = PBXFileReference; fileEncoding = 4; lastKnownFileType = sourcecode.c.h; path = GADInterstitial.h; sourceTree = "<group>"; };
		5FE7375716B9007200194CF0 /* GADInterstitialDelegate.h */ = {isa = PBXFileReference; fileEncoding = 4; lastKnownFileType = sourcecode.c.h; path = GADInterstitialDelegate.h; sourceTree = "<group>"; };
		5FE7375816B9007200194CF0 /* GADRequest.h */ = {isa = PBXFileReference; fileEncoding = 4; lastKnownFileType = sourcecode.c.h; path = GADRequest.h; sourceTree = "<group>"; };
		5FE7375916B9007200194CF0 /* GADRequestError.h */ = {isa = PBXFileReference; fileEncoding = 4; lastKnownFileType = sourcecode.c.h; path = GADRequestError.h; sourceTree = "<group>"; };
		5FE7375A16B9007200194CF0 /* libGoogleAdMobAds.a */ = {isa = PBXFileReference; lastKnownFileType = archive.ar; path = libGoogleAdMobAds.a; sourceTree = "<group>"; };
		5FE7375B16B9007200194CF0 /* README.txt */ = {isa = PBXFileReference; fileEncoding = 4; lastKnownFileType = text; path = README.txt; sourceTree = "<group>"; };
		5FE7375E16B9012700194CF0 /* GADMasterViewController.h */ = {isa = PBXFileReference; fileEncoding = 4; lastKnownFileType = sourcecode.c.h; path = GADMasterViewController.h; sourceTree = "<group>"; };
		5FE7375F16B9012700194CF0 /* GADMasterViewController.m */ = {isa = PBXFileReference; fileEncoding = 4; lastKnownFileType = sourcecode.c.objc; path = GADMasterViewController.m; sourceTree = "<group>"; };
		5FE7376116B9037800194CF0 /* AdSupport.framework */ = {isa = PBXFileReference; lastKnownFileType = wrapper.framework; name = AdSupport.framework; path = System/Library/Frameworks/AdSupport.framework; sourceTree = SDKROOT; };
		5FE7376416B9039B00194CF0 /* StoreKit.framework */ = {isa = PBXFileReference; lastKnownFileType = wrapper.framework; name = StoreKit.framework; path = System/Library/Frameworks/StoreKit.framework; sourceTree = SDKROOT; };
		5FE7376716B903C900194CF0 /* SystemConfiguration.framework */ = {isa = PBXFileReference; lastKnownFileType = wrapper.framework; name = SystemConfiguration.framework; path = System/Library/Frameworks/SystemConfiguration.framework; sourceTree = SDKROOT; };
		5FE7376916B903DC00194CF0 /* MessageUI.framework */ = {isa = PBXFileReference; lastKnownFileType = wrapper.framework; name = MessageUI.framework; path = System/Library/Frameworks/MessageUI.framework; sourceTree = SDKROOT; };
		5FE7376B16B903E800194CF0 /* AudioToolbox.framework */ = {isa = PBXFileReference; lastKnownFileType = wrapper.framework; name = AudioToolbox.framework; path = System/Library/Frameworks/AudioToolbox.framework; sourceTree = SDKROOT; };
		5FE7376D16B9078B00194CF0 /* LZPackageViewController.h */ = {isa = PBXFileReference; fileEncoding = 4; lastKnownFileType = sourcecode.c.h; path = LZPackageViewController.h; sourceTree = "<group>"; };
		5FE7376E16B9078B00194CF0 /* LZPackageViewController.m */ = {isa = PBXFileReference; fileEncoding = 4; lastKnownFileType = sourcecode.c.objc; path = LZPackageViewController.m; sourceTree = "<group>"; };
		5FE7377016B90FB900194CF0 /* SeguePush.h */ = {isa = PBXFileReference; fileEncoding = 4; lastKnownFileType = sourcecode.c.h; path = SeguePush.h; sourceTree = "<group>"; };
		5FE7377116B90FB900194CF0 /* SeguePush.m */ = {isa = PBXFileReference; fileEncoding = 4; lastKnownFileType = sourcecode.c.objc; path = SeguePush.m; sourceTree = "<group>"; };
		5FE7377316B9163100194CF0 /* SeguePop.h */ = {isa = PBXFileReference; fileEncoding = 4; lastKnownFileType = sourcecode.c.h; path = SeguePop.h; sourceTree = "<group>"; };
		5FE7377416B9163100194CF0 /* SeguePop.m */ = {isa = PBXFileReference; fileEncoding = 4; lastKnownFileType = sourcecode.c.objc; path = SeguePop.m; sourceTree = "<group>"; };
/* End PBXFileReference section */

/* Begin PBXFrameworksBuildPhase section */
		5FE7371916B8E08400194CF0 /* Frameworks */ = {
			isa = PBXFrameworksBuildPhase;
			buildActionMask = 2147483647;
			files = (
				5FE7376616B903AE00194CF0 /* StoreKit.framework in Frameworks */,
				5FE7376316B9038B00194CF0 /* AdSupport.framework in Frameworks */,
				5FE7372116B8E08400194CF0 /* UIKit.framework in Frameworks */,
				5FE7372316B8E08400194CF0 /* Foundation.framework in Frameworks */,
				5FE7372516B8E08400194CF0 /* CoreGraphics.framework in Frameworks */,
				5FE7375C16B9007200194CF0 /* libGoogleAdMobAds.a in Frameworks */,
				5FE7376816B903C900194CF0 /* SystemConfiguration.framework in Frameworks */,
				5FE7376A16B903DC00194CF0 /* MessageUI.framework in Frameworks */,
				5FE7376C16B903E800194CF0 /* AudioToolbox.framework in Frameworks */,
				5F16FDB216BCE84A005EE2F5 /* QuartzCore.framework in Frameworks */,
			);
			runOnlyForDeploymentPostprocessing = 0;
		};
/* End PBXFrameworksBuildPhase section */

/* Begin PBXGroup section */
		5F91537C16BA62490074FFF2 /* image */ = {
			isa = PBXGroup;
			children = (
				5F16FDA316BCC64D005EE2F5 /* cut_wrong@2x.png */,
				5F16FDA416BCC64D005EE2F5 /* ask_friends@2x.png */,
				5F16FDA516BCC64E005EE2F5 /* win_question@2x.png */,
				5F9153A616BBB06C0074FFF2 /* twitter@2x.png */,
				5F9153A016BBB0580074FFF2 /* facebook@2x.png */,
				5F9153A116BBB0580074FFF2 /* lzbutton@2x.png */,
				5F9153A216BBB0580074FFF2 /* review@2x.png */,
				5F91537516BA4B560074FFF2 /* top_back_button@2x.png */,
				5F91537716BA4D0F0074FFF2 /* background@2x.png */,
				5F91538316BA6FD00074FFF2 /* top_back_ground@2x.png */,
				5F91537D16BA62570074FFF2 /* wrong@2x.png */,
				5F91537E16BA62570074FFF2 /* correct@2x.png */,
				5F91537F16BA62570074FFF2 /* gold@2x.png */,
				5F16FDA916BCCE77005EE2F5 /* icon_1@2x.jpg */,
				5F16FDAA16BCCE77005EE2F5 /* icon_3@2x.jpg */,
				5F16FDAB16BCCE77005EE2F5 /* icon_4@2x.jpg */,
				5F16FDAC16BCCE77005EE2F5 /* icon_2@2x.jpg */,
			);
			name = image;
			sourceTree = "<group>";
		};
		5F91539116BAE8600074FFF2 /* BaseObject */ = {
			isa = PBXGroup;
			children = (
				5FE7377016B90FB900194CF0 /* SeguePush.h */,
				5FE7377116B90FB900194CF0 /* SeguePush.m */,
				5FE7377316B9163100194CF0 /* SeguePop.h */,
				5FE7377416B9163100194CF0 /* SeguePop.m */,
				5F91536C16BA38D50074FFF2 /* LZTopNavView.h */,
				5F91536D16BA38D50074FFF2 /* LZTopNavView.m */,
				5F91536F16BA44C00074FFF2 /* LZFactoryViewController.h */,
				5F91537016BA44C00074FFF2 /* LZFactoryViewController.m */,
				5FE7375E16B9012700194CF0 /* GADMasterViewController.h */,
				5FE7375F16B9012700194CF0 /* GADMasterViewController.m */,
				5F91539716BBA5080074FFF2 /* LZCell.h */,
				5F91539816BBA5080074FFF2 /* LZCell.m */,
				5F91539D16BBADEF0074FFF2 /* LZButton.h */,
				5F91539E16BBADEF0074FFF2 /* LZButton.m */,
			);
			name = BaseObject;
			sourceTree = "<group>";
		};
		5F98A13016BBD1050084A2F5 /* Home */ = {
			isa = PBXGroup;
			children = (
				5FE7373B16B8E08400194CF0 /* LZViewController.h */,
				5FE7373C16B8E08400194CF0 /* LZViewController.m */,
			);
			name = Home;
			sourceTree = "<group>";
		};
		5F98A13116BBD1470084A2F5 /* PackageView */ = {
			isa = PBXGroup;
			children = (
				5F91536316BA27180074FFF2 /* PackageCell.h */,
				5F91536416BA27180074FFF2 /* PackageCell.m */,
				5FE7376D16B9078B00194CF0 /* LZPackageViewController.h */,
				5FE7376E16B9078B00194CF0 /* LZPackageViewController.m */,
			);
			name = PackageView;
			sourceTree = "<group>";
		};
		5F98A13216BBD1710084A2F5 /* LevelView */ = {
			isa = PBXGroup;
			children = (
				5F91538516BAD6410074FFF2 /* LZLevelViewController.h */,
				5F91538616BAD6410074FFF2 /* LZLevelViewController.m */,
				5F91538816BAD8BF0074FFF2 /* LevelCell.h */,
				5F91538916BAD8BF0074FFF2 /* LevelCell.m */,
			);
			name = LevelView;
			sourceTree = "<group>";
		};
		5F98A13316BBD1A40084A2F5 /* PlayView */ = {
			isa = PBXGroup;
			children = (
				5F91538E16BAE6830074FFF2 /* LZGamingViewController.h */,
				5F91538F16BAE6840074FFF2 /* LZGamingViewController.m */,
				5F16FDA016BCBEB1005EE2F5 /* LZPlayView.h */,
				5F16FDA116BCBEB1005EE2F5 /* LZPlayView.m */,
			);
			name = PlayView;
			sourceTree = "<group>";
		};
		5F98A13416BBD1BA0084A2F5 /* SettingView */ = {
			isa = PBXGroup;
			children = (
				5F91538B16BADF9C0074FFF2 /* SettingCell.h */,
				5F91538C16BADF9D0074FFF2 /* SettingCell.m */,
				5F91537216BA49BD0074FFF2 /* LZSettingsViewController.h */,
				5F91537316BA49BD0074FFF2 /* LZSettingsViewController.m */,
			);
			name = SettingView;
			sourceTree = "<group>";
		};
		5F98A13516BBD1D40084A2F5 /* StoreView */ = {
			isa = PBXGroup;
			children = (
				5F91537916BA50E30074FFF2 /* LZStoreViewController.h */,
				5F91537A16BA50E30074FFF2 /* LZStoreViewController.m */,
				5F91539A16BBA5D60074FFF2 /* StorePurchaseCell.h */,
				5F91539B16BBA5D70074FFF2 /* StorePurchaseCell.m */,
				5F98A12A16BBB6810084A2F5 /* StoreFreeCell.h */,
				5F98A12B16BBB6810084A2F5 /* StoreFreeCell.m */,
				5F98A12D16BBB6C80084A2F5 /* RestorePurchaseCell.h */,
				5F98A12E16BBB6C80084A2F5 /* RestorePurchaseCell.m */,
			);
			name = StoreView;
			sourceTree = "<group>";
		};
		5FE7371116B8E08400194CF0 = {
			isa = PBXGroup;
			children = (
				5FE7372616B8E08400194CF0 /* QuizGame */,
				5FE7371F16B8E08400194CF0 /* Frameworks */,
				5FE7371D16B8E08400194CF0 /* Products */,
			);
			sourceTree = "<group>";
		};
		5FE7371D16B8E08400194CF0 /* Products */ = {
			isa = PBXGroup;
			children = (
				5FE7371C16B8E08400194CF0 /* QuizGame.app */,
			);
			name = Products;
			sourceTree = "<group>";
		};
		5FE7371F16B8E08400194CF0 /* Frameworks */ = {
			isa = PBXGroup;
			children = (
				5F16FDB116BCE84A005EE2F5 /* QuartzCore.framework */,
				5FE7376B16B903E800194CF0 /* AudioToolbox.framework */,
				5FE7376916B903DC00194CF0 /* MessageUI.framework */,
				5FE7376716B903C900194CF0 /* SystemConfiguration.framework */,
				5FE7376416B9039B00194CF0 /* StoreKit.framework */,
				5FE7376116B9037800194CF0 /* AdSupport.framework */,
				5FE7372016B8E08400194CF0 /* UIKit.framework */,
				5FE7372216B8E08400194CF0 /* Foundation.framework */,
				5FE7372416B8E08400194CF0 /* CoreGraphics.framework */,
			);
			name = Frameworks;
			sourceTree = "<group>";
		};
		5FE7372616B8E08400194CF0 /* QuizGame */ = {
			isa = PBXGroup;
			children = (
				5FE7372F16B8E08400194CF0 /* LZAppDelegate.h */,
				5FE7373016B8E08400194CF0 /* LZAppDelegate.m */,
				5FE7373816B8E08400194CF0 /* MainStoryboard.storyboard */,
				5F98A13516BBD1D40084A2F5 /* StoreView */,
				5F98A13416BBD1BA0084A2F5 /* SettingView */,
				5F98A13316BBD1A40084A2F5 /* PlayView */,
				5F98A13216BBD1710084A2F5 /* LevelView */,
				5F98A13116BBD1470084A2F5 /* PackageView */,
				5F98A13016BBD1050084A2F5 /* Home */,
				5FE7375016B9005D00194CF0 /* AdMob */,
				5F91539116BAE8600074FFF2 /* BaseObject */,
				5FE7372716B8E08400194CF0 /* Supporting Files */,
			);
			path = QuizGame;
			sourceTree = "<group>";
		};
		5FE7372716B8E08400194CF0 /* Supporting Files */ = {
			isa = PBXGroup;
			children = (
				5F91537C16BA62490074FFF2 /* image */,
				5FE7372816B8E08400194CF0 /* QuizGame-Info.plist */,
				5FE7372916B8E08400194CF0 /* InfoPlist.strings */,
				5FE7372C16B8E08400194CF0 /* main.m */,
				5FE7372E16B8E08400194CF0 /* QuizGame-Prefix.pch */,
				5FE7373216B8E08400194CF0 /* Default.png */,
				5FE7373416B8E08400194CF0 /* Default@2x.png */,
				5FE7373616B8E08400194CF0 /* Default-568h@2x.png */,
			);
			name = "Supporting Files";
			sourceTree = "<group>";
		};
		5FE7375016B9005D00194CF0 /* AdMob */ = {
			isa = PBXGroup;
			children = (
				5FE7375116B9007200194CF0 /* GADAdMobExtras.h */,
				5FE7375216B9007200194CF0 /* GADAdNetworkExtras.h */,
				5FE7375316B9007200194CF0 /* GADAdSize.h */,
				5FE7375416B9007200194CF0 /* GADBannerView.h */,
				5FE7375516B9007200194CF0 /* GADBannerViewDelegate.h */,
				5FE7375616B9007200194CF0 /* GADInterstitial.h */,
				5FE7375716B9007200194CF0 /* GADInterstitialDelegate.h */,
				5FE7375816B9007200194CF0 /* GADRequest.h */,
				5FE7375916B9007200194CF0 /* GADRequestError.h */,
				5FE7375A16B9007200194CF0 /* libGoogleAdMobAds.a */,
				5FE7375B16B9007200194CF0 /* README.txt */,
			);
			name = AdMob;
			sourceTree = "<group>";
		};
/* End PBXGroup section */

/* Begin PBXNativeTarget section */
		5FE7371B16B8E08400194CF0 /* QuizGame */ = {
			isa = PBXNativeTarget;
			buildConfigurationList = 5FE7374016B8E08400194CF0 /* Build configuration list for PBXNativeTarget "QuizGame" */;
			buildPhases = (
				5FE7371816B8E08400194CF0 /* Sources */,
				5FE7371916B8E08400194CF0 /* Frameworks */,
				5FE7371A16B8E08400194CF0 /* Resources */,
			);
			buildRules = (
			);
			dependencies = (
			);
			name = QuizGame;
			productName = QuizGame;
			productReference = 5FE7371C16B8E08400194CF0 /* QuizGame.app */;
			productType = "com.apple.product-type.application";
		};
/* End PBXNativeTarget section */

/* Begin PBXProject section */
		5FE7371316B8E08400194CF0 /* Project object */ = {
			isa = PBXProject;
			attributes = {
				CLASSPREFIX = LZ;
				LastUpgradeCheck = 0450;
				ORGANIZATIONNAME = "lingzhi mobile";
			};
			buildConfigurationList = 5FE7371616B8E08400194CF0 /* Build configuration list for PBXProject "QuizGame" */;
			compatibilityVersion = "Xcode 3.2";
			developmentRegion = English;
			hasScannedForEncodings = 0;
			knownRegions = (
				en,
			);
			mainGroup = 5FE7371116B8E08400194CF0;
			productRefGroup = 5FE7371D16B8E08400194CF0 /* Products */;
			projectDirPath = "";
			projectRoot = "";
			targets = (
				5FE7371B16B8E08400194CF0 /* QuizGame */,
			);
		};
/* End PBXProject section */

/* Begin PBXResourcesBuildPhase section */
		5FE7371A16B8E08400194CF0 /* Resources */ = {
			isa = PBXResourcesBuildPhase;
			buildActionMask = 2147483647;
			files = (
				5FE7372B16B8E08400194CF0 /* InfoPlist.strings in Resources */,
				5FE7373316B8E08400194CF0 /* Default.png in Resources */,
				5FE7373516B8E08400194CF0 /* Default@2x.png in Resources */,
				5FE7373716B8E08400194CF0 /* Default-568h@2x.png in Resources */,
				5FE7373A16B8E08400194CF0 /* MainStoryboard.storyboard in Resources */,
				5FE7375D16B9007200194CF0 /* README.txt in Resources */,
				5F91537616BA4B560074FFF2 /* top_back_button@2x.png in Resources */,
				5F91537816BA4D0F0074FFF2 /* background@2x.png in Resources */,
				5F91538016BA62570074FFF2 /* wrong@2x.png in Resources */,
				5F91538116BA62570074FFF2 /* correct@2x.png in Resources */,
				5F91538216BA62570074FFF2 /* gold@2x.png in Resources */,
				5F91538416BA6FD00074FFF2 /* top_back_ground@2x.png in Resources */,
				5F9153A316BBB0580074FFF2 /* facebook@2x.png in Resources */,
				5F9153A416BBB0580074FFF2 /* lzbutton@2x.png in Resources */,
				5F9153A516BBB0580074FFF2 /* review@2x.png in Resources */,
				5F9153A716BBB06C0074FFF2 /* twitter@2x.png in Resources */,
				5F16FDA616BCC64E005EE2F5 /* cut_wrong@2x.png in Resources */,
				5F16FDA716BCC64E005EE2F5 /* ask_friends@2x.png in Resources */,
				5F16FDA816BCC64E005EE2F5 /* win_question@2x.png in Resources */,
				5F16FDAD16BCCE77005EE2F5 /* icon_1@2x.jpg in Resources */,
				5F16FDAE16BCCE77005EE2F5 /* icon_3@2x.jpg in Resources */,
				5F16FDAF16BCCE77005EE2F5 /* icon_4@2x.jpg in Resources */,
				5F16FDB016BCCE77005EE2F5 /* icon_2@2x.jpg in Resources */,
			);
			runOnlyForDeploymentPostprocessing = 0;
		};
/* End PBXResourcesBuildPhase section */

/* Begin PBXSourcesBuildPhase section */
		5FE7371816B8E08400194CF0 /* Sources */ = {
			isa = PBXSourcesBuildPhase;
			buildActionMask = 2147483647;
			files = (
				5FE7372D16B8E08400194CF0 /* main.m in Sources */,
				5FE7373116B8E08400194CF0 /* LZAppDelegate.m in Sources */,
				5FE7373D16B8E08400194CF0 /* LZViewController.m in Sources */,
				5FE7376016B9012700194CF0 /* GADMasterViewController.m in Sources */,
				5FE7376F16B9078B00194CF0 /* LZPackageViewController.m in Sources */,
				5FE7377216B90FB900194CF0 /* SeguePush.m in Sources */,
				5FE7377516B9163200194CF0 /* SeguePop.m in Sources */,
				5F91536516BA27180074FFF2 /* PackageCell.m in Sources */,
				5F91536E16BA38D50074FFF2 /* LZTopNavView.m in Sources */,
				5F91537116BA44C00074FFF2 /* LZFactoryViewController.m in Sources */,
				5F91537416BA49BD0074FFF2 /* LZSettingsViewController.m in Sources */,
				5F91537B16BA50E30074FFF2 /* LZStoreViewController.m in Sources */,
				5F91538716BAD6410074FFF2 /* LZLevelViewController.m in Sources */,
				5F91538A16BAD8C00074FFF2 /* LevelCell.m in Sources */,
				5F91538D16BADF9D0074FFF2 /* SettingCell.m in Sources */,
				5F91539016BAE6840074FFF2 /* LZGamingViewController.m in Sources */,
				5F91539916BBA5080074FFF2 /* LZCell.m in Sources */,
				5F91539C16BBA5D70074FFF2 /* StorePurchaseCell.m in Sources */,
				5F91539F16BBADEF0074FFF2 /* LZButton.m in Sources */,
				5F98A12C16BBB6810084A2F5 /* StoreFreeCell.m in Sources */,
				5F98A12F16BBB6C80084A2F5 /* RestorePurchaseCell.m in Sources */,
				5F16FDA216BCBEB1005EE2F5 /* LZPlayView.m in Sources */,
			);
			runOnlyForDeploymentPostprocessing = 0;
		};
/* End PBXSourcesBuildPhase section */

/* Begin PBXVariantGroup section */
		5FE7372916B8E08400194CF0 /* InfoPlist.strings */ = {
			isa = PBXVariantGroup;
			children = (
				5FE7372A16B8E08400194CF0 /* en */,
			);
			name = InfoPlist.strings;
			sourceTree = "<group>";
		};
		5FE7373816B8E08400194CF0 /* MainStoryboard.storyboard */ = {
			isa = PBXVariantGroup;
			children = (
				5FE7373916B8E08400194CF0 /* en */,
			);
			name = MainStoryboard.storyboard;
			sourceTree = "<group>";
		};
/* End PBXVariantGroup section */

/* Begin XCBuildConfiguration section */
		5FE7373E16B8E08400194CF0 /* Debug */ = {
			isa = XCBuildConfiguration;
			buildSettings = {
				ALWAYS_SEARCH_USER_PATHS = NO;
				CLANG_CXX_LANGUAGE_STANDARD = "gnu++0x";
				CLANG_CXX_LIBRARY = "libc++";
				CLANG_ENABLE_OBJC_ARC = YES;
				CLANG_WARN_EMPTY_BODY = YES;
				CLANG_WARN__DUPLICATE_METHOD_MATCH = YES;
				"CODE_SIGN_IDENTITY[sdk=iphoneos*]" = "iPhone Developer";
				COPY_PHASE_STRIP = NO;
				GCC_C_LANGUAGE_STANDARD = gnu99;
				GCC_DYNAMIC_NO_PIC = NO;
				GCC_OPTIMIZATION_LEVEL = 0;
				GCC_PREPROCESSOR_DEFINITIONS = (
					"DEBUG=1",
					"$(inherited)",
				);
				GCC_SYMBOLS_PRIVATE_EXTERN = NO;
				GCC_WARN_ABOUT_RETURN_TYPE = YES;
				GCC_WARN_UNINITIALIZED_AUTOS = YES;
				GCC_WARN_UNUSED_VARIABLE = YES;
				IPHONEOS_DEPLOYMENT_TARGET = 5.0;
				SDKROOT = iphoneos;
			};
			name = Debug;
		};
		5FE7373F16B8E08400194CF0 /* Release */ = {
			isa = XCBuildConfiguration;
			buildSettings = {
				ALWAYS_SEARCH_USER_PATHS = NO;
				CLANG_CXX_LANGUAGE_STANDARD = "gnu++0x";
				CLANG_CXX_LIBRARY = "libc++";
				CLANG_ENABLE_OBJC_ARC = YES;
				CLANG_WARN_EMPTY_BODY = YES;
				CLANG_WARN__DUPLICATE_METHOD_MATCH = YES;
				"CODE_SIGN_IDENTITY[sdk=iphoneos*]" = "iPhone Developer";
				COPY_PHASE_STRIP = YES;
				GCC_C_LANGUAGE_STANDARD = gnu99;
				GCC_WARN_ABOUT_RETURN_TYPE = YES;
				GCC_WARN_UNINITIALIZED_AUTOS = YES;
				GCC_WARN_UNUSED_VARIABLE = YES;
				IPHONEOS_DEPLOYMENT_TARGET = 5.0;
				OTHER_CFLAGS = "-DNS_BLOCK_ASSERTIONS=1";
				SDKROOT = iphoneos;
				VALIDATE_PRODUCT = YES;
			};
			name = Release;
		};
		5FE7374116B8E08400194CF0 /* Debug */ = {
			isa = XCBuildConfiguration;
			buildSettings = {
				GCC_PRECOMPILE_PREFIX_HEADER = YES;
				GCC_PREFIX_HEADER = "QuizGame/QuizGame-Prefix.pch";
				INFOPLIST_FILE = "QuizGame/QuizGame-Info.plist";
				IPHONEOS_DEPLOYMENT_TARGET = 5.0;
				LIBRARY_SEARCH_PATHS = (
					"$(inherited)",
					"\"$(SRCROOT)/QuizGame\"",
				);
				OTHER_LDFLAGS = "-ObjC";
				PRODUCT_NAME = "$(TARGET_NAME)";
				WRAPPER_EXTENSION = app;
			};
			name = Debug;
		};
		5FE7374216B8E08400194CF0 /* Release */ = {
			isa = XCBuildConfiguration;
			buildSettings = {
				GCC_PRECOMPILE_PREFIX_HEADER = YES;
				GCC_PREFIX_HEADER = "QuizGame/QuizGame-Prefix.pch";
				INFOPLIST_FILE = "QuizGame/QuizGame-Info.plist";
				IPHONEOS_DEPLOYMENT_TARGET = 5.0;
				LIBRARY_SEARCH_PATHS = (
					"$(inherited)",
					"\"$(SRCROOT)/QuizGame\"",
				);
				OTHER_LDFLAGS = "-ObjC";
				PRODUCT_NAME = "$(TARGET_NAME)";
				WRAPPER_EXTENSION = app;
			};
			name = Release;
		};
/* End XCBuildConfiguration section */

/* Begin XCConfigurationList section */
		5FE7371616B8E08400194CF0 /* Build configuration list for PBXProject "QuizGame" */ = {
			isa = XCConfigurationList;
			buildConfigurations = (
				5FE7373E16B8E08400194CF0 /* Debug */,
				5FE7373F16B8E08400194CF0 /* Release */,
			);
			defaultConfigurationIsVisible = 0;
			defaultConfigurationName = Release;
		};
		5FE7374016B8E08400194CF0 /* Build configuration list for PBXNativeTarget "QuizGame" */ = {
			isa = XCConfigurationList;
			buildConfigurations = (
				5FE7374116B8E08400194CF0 /* Debug */,
				5FE7374216B8E08400194CF0 /* Release */,
			);
			defaultConfigurationIsVisible = 0;
			defaultConfigurationName = Release;
		};
/* End XCConfigurationList section */
	};
	rootObject = 5FE7371316B8E08400194CF0 /* Project object */;
}
